
Microsoft Visual Studio Solution File, Format Version 12.00
# Visual Studio Version 16
VisualStudioVersion = 16.0.28516.95
MinimumVisualStudioVersion = 10.0.40219.1
Project("{9A19103F-16F7-4668-BE54-9A1E7A4F7556}") = "App", "App\App.csproj", "{AA52AEB4-ABD4-4B14-ABB1-4D1A99C68E37}"
EndProject
Global
	GlobalSection(SolutionConfigurationPlatforms) = preSolution
		Debug|Any CPU = Debug|Any CPU
		Release|Any CPU = Release|Any CPU
	EndGlobalSection
	GlobalSection(ProjectConfigurationPlatforms) = postSolution
		{AA52AEB4-ABD4-4B14-ABB1-4D1A99C68E37}.Debug|Any CPU.ActiveCfg = Debug|Any CPU
		{AA52AEB4-ABD4-4B14-ABB1-4D1A99C68E37}.Debug|Any CPU.Build.0 = Debug|Any CPU
		{AA52AEB4-ABD4-4B14-ABB1-4D1A99C68E37}.Release|Any CPU.ActiveCfg = Release|Any CPU
		{AA52AEB4-ABD4-4B14-ABB1-4D1A99C68E37}.Release|Any CPU.Build.0 = Release|Any CPU
	EndGlobalSection
	GlobalSection(SolutionProperties) = preSolution
		HideSolutionNode = FALSE
	EndGlobalSection
	GlobalSection(ExtensibilityGlobals) = postSolution
		SolutionGuid = {24C07D6E-72D7-4984-85C0-A260D9144B99}
	EndGlobalSection
EndGlobal
